
Microsoft Visual Studio Solution File, Format Version 12.00
# Visual Studio 15
VisualStudioVersion = 15.0.28307.421
MinimumVisualStudioVersion = 10.0.40219.1
Project("{FAE04EC0-301F-11D3-BF4B-00C04F79EFBC}") = "SortBinaryArray", "SortBinaryArray\SortBinaryArray.csproj", "{849DF67C-EFE6-495B-A153-D1EE5D978E93}"
EndProject
Global
	GlobalSection(SolutionConfigurationPlatforms) = preSolution
		Debug|Any CPU = Debug|Any CPU
		Release|Any CPU = Release|Any CPU
	EndGlobalSection
	GlobalSection(ProjectConfigurationPlatforms) = postSolution
		{849DF67C-EFE6-495B-A153-D1EE5D978E93}.Debug|Any CPU.ActiveCfg = Debug|Any CPU
		{849DF67C-EFE6-495B-A153-D1EE5D978E93}.Debug|Any CPU.Build.0 = Debug|Any CPU
		{849DF67C-EFE6-495B-A153-D1EE5D978E93}.Release|Any CPU.ActiveCfg = Release|Any CPU
		{849DF67C-EFE6-495B-A153-D1EE5D978E93}.Release|Any CPU.Build.0 = Release|Any CPU
	EndGlobalSection
	GlobalSection(SolutionProperties) = preSolution
		HideSolutionNode = FALSE
	EndGlobalSection
	GlobalSection(ExtensibilityGlobals) = postSolution
		SolutionGuid = {161A5A72-23B3-4928-9E1B-B17A33CE5183}
	EndGlobalSection
EndGlobal
